{
  "version": "5",
  "specifiers": {
    "npm:prettier@*": "3.6.2"
  },
  "npm": {
    "prettier@3.6.2": {
      "integrity": "sha512-I7AIg5boAr5R0FFtJ6rCfD+LFsWHp81dolrFD8S79U9tb8Az2nGrJncnMSnys+bpQJfRUzqs9hnA81OAA3hCuQ==",
      "bin": true
    }
  },
  "workspace": {
    "dependencies": [
      "jsr:@std/assert@1"
    ]
  }
}
